
Microsoft Visual Studio Solution File, Format Version 12.00
# Visual Studio Version 16
VisualStudioVersion = 16.0.31129.286
MinimumVisualStudioVersion = 10.0.40219.1
Project("{FAE04EC0-301F-11D3-BF4B-00C04F79EFBC}") = "Calculator.Android", "Calculator\Calculator.Android\Calculator.Android.csproj", "{EA81B2EC-8A89-4345-825E-65944C062188}"
EndProject
Project("{FAE04EC0-301F-11D3-BF4B-00C04F79EFBC}") = "Calculator.iOS", "Calculator\Calculator.iOS\Calculator.iOS.csproj", "{1B03131B-C16A-4A87-AA75-8AC3CB571936}"
EndProject
Project("{FAE04EC0-301F-11D3-BF4B-00C04F79EFBC}") = "Calculator", "Calculator\Calculator\Calculator.csproj", "{61EE61A1-20B5-4529-81D0-A72DC27880A7}"
EndProject
Global
	GlobalSection(SolutionConfigurationPlatforms) = preSolution
		Debug|Any CPU = Debug|Any CPU
		Debug|iPhone = Debug|iPhone
		Debug|iPhoneSimulator = Debug|iPhoneSimulator
		Release|Any CPU = Release|Any CPU
		Release|iPhone = Release|iPhone
		Release|iPhoneSimulator = Release|iPhoneSimulator
	EndGlobalSection
	GlobalSection(ProjectConfigurationPlatforms) = postSolution
		{EA81B2EC-8A89-4345-825E-65944C062188}.Debug|Any CPU.ActiveCfg = Debug|Any CPU
		{EA81B2EC-8A89-4345-825E-65944C062188}.Debug|Any CPU.Build.0 = Debug|Any CPU
		{EA81B2EC-8A89-4345-825E-65944C062188}.Debug|Any CPU.Deploy.0 = Debug|Any CPU
		{EA81B2EC-8A89-4345-825E-65944C062188}.Debug|iPhone.ActiveCfg = Debug|Any CPU
		{EA81B2EC-8A89-4345-825E-65944C062188}.Debug|iPhone.Build.0 = Debug|Any CPU
		{EA81B2EC-8A89-4345-825E-65944C062188}.Debug|iPhone.Deploy.0 = Debug|Any CPU
		{EA81B2EC-8A89-4345-825E-65944C062188}.Debug|iPhoneSimulator.ActiveCfg = Debug|Any CPU
		{EA81B2EC-8A89-4345-825E-65944C062188}.Debug|iPhoneSimulator.Build.0 = Debug|Any CPU
		{EA81B2EC-8A89-4345-825E-65944C062188}.Debug|iPhoneSimulator.Deploy.0 = Debug|Any CPU
		{EA81B2EC-8A89-4345-825E-65944C062188}.Release|Any CPU.ActiveCfg = Release|Any CPU
		{EA81B2EC-8A89-4345-825E-65944C062188}.Release|Any CPU.Build.0 = Release|Any CPU
		{EA81B2EC-8A89-4345-825E-65944C062188}.Release|Any CPU.Deploy.0 = Release|Any CPU
		{EA81B2EC-8A89-4345-825E-65944C062188}.Release|iPhone.ActiveCfg = Release|Any CPU
		{EA81B2EC-8A89-4345-825E-65944C062188}.Release|iPhone.Build.0 = Release|Any CPU
		{EA81B2EC-8A89-4345-825E-65944C062188}.Release|iPhone.Deploy.0 = Release|Any CPU
		{EA81B2EC-8A89-4345-825E-65944C062188}.Release|iPhoneSimulator.ActiveCfg = Release|Any CPU
		{EA81B2EC-8A89-4345-825E-65944C062188}.Release|iPhoneSimulator.Build.0 = Release|Any CPU
		{EA81B2EC-8A89-4345-825E-65944C062188}.Release|iPhoneSimulator.Deploy.0 = Release|Any CPU
		{1B03131B-C16A-4A87-AA75-8AC3CB571936}.Debug|Any CPU.ActiveCfg = Debug|iPhone
		{1B03131B-C16A-4A87-AA75-8AC3CB571936}.Debug|Any CPU.Build.0 = Debug|iPhone
		{1B03131B-C16A-4A87-AA75-8AC3CB571936}.Debug|Any CPU.Deploy.0 = Debug|iPhone
		{1B03131B-C16A-4A87-AA75-8AC3CB571936}.Debug|iPhone.ActiveCfg = Debug|iPhone
		{1B03131B-C16A-4A87-AA75-8AC3CB571936}.Debug|iPhone.Build.0 = Debug|iPhone
		{1B03131B-C16A-4A87-AA75-8AC3CB571936}.Debug|iPhone.Deploy.0 = Debug|iPhone
		{1B03131B-C16A-4A87-AA75-8AC3CB571936}.Debug|iPhoneSimulator.ActiveCfg = Debug|iPhoneSimulator
		{1B03131B-C16A-4A87-AA75-8AC3CB571936}.Debug|iPhoneSimulator.Build.0 = Debug|iPhoneSimulator
		{1B03131B-C16A-4A87-AA75-8AC3CB571936}.Debug|iPhoneSimulator.Deploy.0 = Debug|iPhoneSimulator
		{1B03131B-C16A-4A87-AA75-8AC3CB571936}.Release|Any CPU.ActiveCfg = Release|iPhoneSimulator
		{1B03131B-C16A-4A87-AA75-8AC3CB571936}.Release|Any CPU.Build.0 = Release|iPhoneSimulator
		{1B03131B-C16A-4A87-AA75-8AC3CB571936}.Release|Any CPU.Deploy.0 = Release|iPhoneSimulator
		{1B03131B-C16A-4A87-AA75-8AC3CB571936}.Release|iPhone.ActiveCfg = Release|iPhone
		{1B03131B-C16A-4A87-AA75-8AC3CB571936}.Release|iPhone.Build.0 = Release|iPhone
		{1B03131B-C16A-4A87-AA75-8AC3CB571936}.Release|iPhone.Deploy.0 = Release|iPhone
		{1B03131B-C16A-4A87-AA75-8AC3CB571936}.Release|iPhoneSimulator.ActiveCfg = Release|iPhoneSimulator
		{1B03131B-C16A-4A87-AA75-8AC3CB571936}.Release|iPhoneSimulator.Build.0 = Release|iPhoneSimulator
		{1B03131B-C16A-4A87-AA75-8AC3CB571936}.Release|iPhoneSimulator.Deploy.0 = Release|iPhoneSimulator
		{61EE61A1-20B5-4529-81D0-A72DC27880A7}.Debug|Any CPU.ActiveCfg = Debug|Any CPU
		{61EE61A1-20B5-4529-81D0-A72DC27880A7}.Debug|Any CPU.Build.0 = Debug|Any CPU
		{61EE61A1-20B5-4529-81D0-A72DC27880A7}.Debug|Any CPU.Deploy.0 = Debug|Any CPU
		{61EE61A1-20B5-4529-81D0-A72DC27880A7}.Debug|iPhone.ActiveCfg = Debug|Any CPU
		{61EE61A1-20B5-4529-81D0-A72DC27880A7}.Debug|iPhone.Build.0 = Debug|Any CPU
		{61EE61A1-20B5-4529-81D0-A72DC27880A7}.Debug|iPhone.Deploy.0 = Debug|Any CPU
		{61EE61A1-20B5-4529-81D0-A72DC27880A7}.Debug|iPhoneSimulator.ActiveCfg = Debug|Any CPU
		{61EE61A1-20B5-4529-81D0-A72DC27880A7}.Debug|iPhoneSimulator.Build.0 = Debug|Any CPU
		{61EE61A1-20B5-4529-81D0-A72DC27880A7}.Debug|iPhoneSimulator.Deploy.0 = Debug|Any CPU
		{61EE61A1-20B5-4529-81D0-A72DC27880A7}.Release|Any CPU.ActiveCfg = Release|Any CPU
		{61EE61A1-20B5-4529-81D0-A72DC27880A7}.Release|Any CPU.Build.0 = Release|Any CPU
		{61EE61A1-20B5-4529-81D0-A72DC27880A7}.Release|Any CPU.Deploy.0 = Release|Any CPU
		{61EE61A1-20B5-4529-81D0-A72DC27880A7}.Release|iPhone.ActiveCfg = Release|Any CPU
		{61EE61A1-20B5-4529-81D0-A72DC27880A7}.Release|iPhone.Build.0 = Release|Any CPU
		{61EE61A1-20B5-4529-81D0-A72DC27880A7}.Release|iPhone.Deploy.0 = Release|Any CPU
		{61EE61A1-20B5-4529-81D0-A72DC27880A7}.Release|iPhoneSimulator.ActiveCfg = Release|Any CPU
		{61EE61A1-20B5-4529-81D0-A72DC27880A7}.Release|iPhoneSimulator.Build.0 = Release|Any CPU
		{61EE61A1-20B5-4529-81D0-A72DC27880A7}.Release|iPhoneSimulator.Deploy.0 = Release|Any CPU
	EndGlobalSection
	GlobalSection(SolutionProperties) = preSolution
		HideSolutionNode = FALSE
	EndGlobalSection
	GlobalSection(ExtensibilityGlobals) = postSolution
		SolutionGuid = {EE448719-6955-4971-A63D-418107070037}
	EndGlobalSection
EndGlobal
